
Microsoft Visual Studio Solution File, Format Version 12.00
# Visual Studio Version 16
VisualStudioVersion = 16.0.30611.23
MinimumVisualStudioVersion = 10.0.40219.1
Project("{9A19103F-16F7-4668-BE54-9A1E7A4F7556}") = "SingletonPattern", "SingletonPattern\SingletonPattern.csproj", "{78533A0E-7966-4BBD-801D-3AAF48B519DA}"
EndProject
Project("{9A19103F-16F7-4668-BE54-9A1E7A4F7556}") = "FactoryPattern", "FactoryPattern\FactoryPattern.csproj", "{3A7AE548-B338-4A20-993F-F876742CEF3E}"
EndProject
Project("{FAE04EC0-301F-11D3-BF4B-00C04F79EFBC}") = "TemplateMethodPattern", "TemplateMethodPattern\TemplateMethodPattern.csproj", "{21DFC6C5-680F-49D5-AD42-1192D24369B4}"
EndProject
Project("{FAE04EC0-301F-11D3-BF4B-00C04F79EFBC}") = "BuilderPattern", "BuilderPattern\BuilderPattern.csproj", "{428EF8F3-E830-44AE-AF37-DE9ED0F99EB2}"
EndProject
Global
	GlobalSection(SolutionConfigurationPlatforms) = preSolution
		Debug|Any CPU = Debug|Any CPU
		Release|Any CPU = Release|Any CPU
	EndGlobalSection
	GlobalSection(ProjectConfigurationPlatforms) = postSolution
		{78533A0E-7966-4BBD-801D-3AAF48B519DA}.Debug|Any CPU.ActiveCfg = Debug|Any CPU
		{78533A0E-7966-4BBD-801D-3AAF48B519DA}.Debug|Any CPU.Build.0 = Debug|Any CPU
		{78533A0E-7966-4BBD-801D-3AAF48B519DA}.Release|Any CPU.ActiveCfg = Release|Any CPU
		{78533A0E-7966-4BBD-801D-3AAF48B519DA}.Release|Any CPU.Build.0 = Release|Any CPU
		{3A7AE548-B338-4A20-993F-F876742CEF3E}.Debug|Any CPU.ActiveCfg = Debug|Any CPU
		{3A7AE548-B338-4A20-993F-F876742CEF3E}.Debug|Any CPU.Build.0 = Debug|Any CPU
		{3A7AE548-B338-4A20-993F-F876742CEF3E}.Release|Any CPU.ActiveCfg = Release|Any CPU
		{3A7AE548-B338-4A20-993F-F876742CEF3E}.Release|Any CPU.Build.0 = Release|Any CPU
		{21DFC6C5-680F-49D5-AD42-1192D24369B4}.Debug|Any CPU.ActiveCfg = Debug|Any CPU
		{21DFC6C5-680F-49D5-AD42-1192D24369B4}.Debug|Any CPU.Build.0 = Debug|Any CPU
		{21DFC6C5-680F-49D5-AD42-1192D24369B4}.Release|Any CPU.ActiveCfg = Release|Any CPU
		{21DFC6C5-680F-49D5-AD42-1192D24369B4}.Release|Any CPU.Build.0 = Release|Any CPU
		{428EF8F3-E830-44AE-AF37-DE9ED0F99EB2}.Debug|Any CPU.ActiveCfg = Debug|Any CPU
		{428EF8F3-E830-44AE-AF37-DE9ED0F99EB2}.Debug|Any CPU.Build.0 = Debug|Any CPU
		{428EF8F3-E830-44AE-AF37-DE9ED0F99EB2}.Release|Any CPU.ActiveCfg = Release|Any CPU
		{428EF8F3-E830-44AE-AF37-DE9ED0F99EB2}.Release|Any CPU.Build.0 = Release|Any CPU
	EndGlobalSection
	GlobalSection(SolutionProperties) = preSolution
		HideSolutionNode = FALSE
	EndGlobalSection
	GlobalSection(ExtensibilityGlobals) = postSolution
		SolutionGuid = {E03A1941-3817-4B8E-85D0-A23A60059807}
	EndGlobalSection
EndGlobal
