
Microsoft Visual Studio Solution File, Format Version 12.00
# Visual Studio Version 16
VisualStudioVersion = 16.0.30717.126
MinimumVisualStudioVersion = 10.0.40219.1
Project("{9A19103F-16F7-4668-BE54-9A1E7A4F7556}") = "MyStaging.Gen", "MyStaging.Gen\MyStaging.Gen.csproj", "{EF3043FE-8FCD-45C4-B067-E0949473DE50}"
EndProject
Project("{9A19103F-16F7-4668-BE54-9A1E7A4F7556}") = "MyStaging", "MyStaging\MyStaging.csproj", "{FB3A9493-7138-4B13-8EBB-73127E6A7368}"
EndProject
Project("{FAE04EC0-301F-11D3-BF4B-00C04F79EFBC}") = "MyStaging.PostgreSQL", "MyStaging.PostgreSQL\MyStaging.PostgreSQL.csproj", "{C298DCF1-8236-495A-990B-C7CF2D6D8AF0}"
EndProject
Project("{2150E333-8FDC-42A3-9474-1A3956D46DE8}") = "src", "src", "{3988F7D4-9EB1-4F81-AC31-A3C481BDDE38}"
EndProject
Project("{2150E333-8FDC-42A3-9474-1A3956D46DE8}") = "provider", "provider", "{6E6069CC-A1F8-4CB4-9C09-3209692761AD}"
EndProject
Project("{2150E333-8FDC-42A3-9474-1A3956D46DE8}") = "tools", "tools", "{7E3886C6-2247-48EA-B018-4392C19A34E0}"
EndProject
Project("{2150E333-8FDC-42A3-9474-1A3956D46DE8}") = "examples", "examples", "{7A7EE620-FF87-4060-893F-188C238921FB}"
EndProject
Project("{FAE04EC0-301F-11D3-BF4B-00C04F79EFBC}") = "Pgsql", "..\..\examples\Pgsql\Pgsql.csproj", "{AC4CEEA4-BB41-43C2-8F01-F2E1E135560A}"
EndProject
Global
	GlobalSection(SolutionConfigurationPlatforms) = preSolution
		Debug|Any CPU = Debug|Any CPU
		Release|Any CPU = Release|Any CPU
	EndGlobalSection
	GlobalSection(ProjectConfigurationPlatforms) = postSolution
		{EF3043FE-8FCD-45C4-B067-E0949473DE50}.Debug|Any CPU.ActiveCfg = Debug|Any CPU
		{EF3043FE-8FCD-45C4-B067-E0949473DE50}.Debug|Any CPU.Build.0 = Debug|Any CPU
		{EF3043FE-8FCD-45C4-B067-E0949473DE50}.Release|Any CPU.ActiveCfg = Release|Any CPU
		{EF3043FE-8FCD-45C4-B067-E0949473DE50}.Release|Any CPU.Build.0 = Release|Any CPU
		{FB3A9493-7138-4B13-8EBB-73127E6A7368}.Debug|Any CPU.ActiveCfg = Debug|Any CPU
		{FB3A9493-7138-4B13-8EBB-73127E6A7368}.Debug|Any CPU.Build.0 = Debug|Any CPU
		{FB3A9493-7138-4B13-8EBB-73127E6A7368}.Release|Any CPU.ActiveCfg = Release|Any CPU
		{FB3A9493-7138-4B13-8EBB-73127E6A7368}.Release|Any CPU.Build.0 = Release|Any CPU
		{C298DCF1-8236-495A-990B-C7CF2D6D8AF0}.Debug|Any CPU.ActiveCfg = Debug|Any CPU
		{C298DCF1-8236-495A-990B-C7CF2D6D8AF0}.Debug|Any CPU.Build.0 = Debug|Any CPU
		{C298DCF1-8236-495A-990B-C7CF2D6D8AF0}.Release|Any CPU.ActiveCfg = Release|Any CPU
		{C298DCF1-8236-495A-990B-C7CF2D6D8AF0}.Release|Any CPU.Build.0 = Release|Any CPU
		{AC4CEEA4-BB41-43C2-8F01-F2E1E135560A}.Debug|Any CPU.ActiveCfg = Debug|Any CPU
		{AC4CEEA4-BB41-43C2-8F01-F2E1E135560A}.Debug|Any CPU.Build.0 = Debug|Any CPU
		{AC4CEEA4-BB41-43C2-8F01-F2E1E135560A}.Release|Any CPU.ActiveCfg = Release|Any CPU
		{AC4CEEA4-BB41-43C2-8F01-F2E1E135560A}.Release|Any CPU.Build.0 = Release|Any CPU
	EndGlobalSection
	GlobalSection(SolutionProperties) = preSolution
		HideSolutionNode = FALSE
	EndGlobalSection
	GlobalSection(NestedProjects) = preSolution
		{EF3043FE-8FCD-45C4-B067-E0949473DE50} = {7E3886C6-2247-48EA-B018-4392C19A34E0}
		{FB3A9493-7138-4B13-8EBB-73127E6A7368} = {3988F7D4-9EB1-4F81-AC31-A3C481BDDE38}
		{C298DCF1-8236-495A-990B-C7CF2D6D8AF0} = {6E6069CC-A1F8-4CB4-9C09-3209692761AD}
		{6E6069CC-A1F8-4CB4-9C09-3209692761AD} = {3988F7D4-9EB1-4F81-AC31-A3C481BDDE38}
		{7E3886C6-2247-48EA-B018-4392C19A34E0} = {3988F7D4-9EB1-4F81-AC31-A3C481BDDE38}
		{AC4CEEA4-BB41-43C2-8F01-F2E1E135560A} = {7A7EE620-FF87-4060-893F-188C238921FB}
	EndGlobalSection
	GlobalSection(ExtensibilityGlobals) = postSolution
		SolutionGuid = {56DC5874-2C2A-4AAE-AE4D-D3CB05F6AFE2}
	EndGlobalSection
EndGlobal
