
Microsoft Visual Studio Solution File, Format Version 12.00
# Visual Studio Version 16
VisualStudioVersion = 16.0.30717.126
MinimumVisualStudioVersion = 10.0.40219.1
Project("{9A19103F-16F7-4668-BE54-9A1E7A4F7556}") = "MyStaging.Gen", "MyStaging.Gen\MyStaging.Gen.csproj", "{EF3043FE-8FCD-45C4-B067-E0949473DE50}"
EndProject
Project("{9A19103F-16F7-4668-BE54-9A1E7A4F7556}") = "MyStaging", "MyStaging\MyStaging.csproj", "{FB3A9493-7138-4B13-8EBB-73127E6A7368}"
EndProject
Project("{FAE04EC0-301F-11D3-BF4B-00C04F79EFBC}") = "MyStaging.PostgreSQL", "MyStaging.PostgreSQL\MyStaging.PostgreSQL.csproj", "{C298DCF1-8236-495A-990B-C7CF2D6D8AF0}"
EndProject
Global
	GlobalSection(SolutionConfigurationPlatforms) = preSolution
		Debug|Any CPU = Debug|Any CPU
		Release|Any CPU = Release|Any CPU
	EndGlobalSection
	GlobalSection(ProjectConfigurationPlatforms) = postSolution
		{EF3043FE-8FCD-45C4-B067-E0949473DE50}.Debug|Any CPU.ActiveCfg = Debug|Any CPU
		{EF3043FE-8FCD-45C4-B067-E0949473DE50}.Debug|Any CPU.Build.0 = Debug|Any CPU
		{EF3043FE-8FCD-45C4-B067-E0949473DE50}.Release|Any CPU.ActiveCfg = Release|Any CPU
		{EF3043FE-8FCD-45C4-B067-E0949473DE50}.Release|Any CPU.Build.0 = Release|Any CPU
		{FB3A9493-7138-4B13-8EBB-73127E6A7368}.Debug|Any CPU.ActiveCfg = Debug|Any CPU
		{FB3A9493-7138-4B13-8EBB-73127E6A7368}.Debug|Any CPU.Build.0 = Debug|Any CPU
		{FB3A9493-7138-4B13-8EBB-73127E6A7368}.Release|Any CPU.ActiveCfg = Release|Any CPU
		{FB3A9493-7138-4B13-8EBB-73127E6A7368}.Release|Any CPU.Build.0 = Release|Any CPU
		{C298DCF1-8236-495A-990B-C7CF2D6D8AF0}.Debug|Any CPU.ActiveCfg = Debug|Any CPU
		{C298DCF1-8236-495A-990B-C7CF2D6D8AF0}.Debug|Any CPU.Build.0 = Debug|Any CPU
		{C298DCF1-8236-495A-990B-C7CF2D6D8AF0}.Release|Any CPU.ActiveCfg = Release|Any CPU
		{C298DCF1-8236-495A-990B-C7CF2D6D8AF0}.Release|Any CPU.Build.0 = Release|Any CPU
	EndGlobalSection
	GlobalSection(SolutionProperties) = preSolution
		HideSolutionNode = FALSE
	EndGlobalSection
	GlobalSection(ExtensibilityGlobals) = postSolution
		SolutionGuid = {56DC5874-2C2A-4AAE-AE4D-D3CB05F6AFE2}
	EndGlobalSection
EndGlobal
