
Microsoft Visual Studio Solution File, Format Version 12.00
# Visual Studio Version 16
VisualStudioVersion = 16.0.30717.126
MinimumVisualStudioVersion = 10.0.40219.1
Project("{FAE04EC0-301F-11D3-BF4B-00C04F79EFBC}") = "MyStaging", "MyStaging\MyStaging.csproj", "{3B2BE9DE-624F-4950-AFF7-60D9BEAF34F3}"
EndProject
Global
	GlobalSection(SolutionConfigurationPlatforms) = preSolution
		Debug|Any CPU = Debug|Any CPU
		Release|Any CPU = Release|Any CPU
	EndGlobalSection
	GlobalSection(ProjectConfigurationPlatforms) = postSolution
		{3B2BE9DE-624F-4950-AFF7-60D9BEAF34F3}.Debug|Any CPU.ActiveCfg = Debug|Any CPU
		{3B2BE9DE-624F-4950-AFF7-60D9BEAF34F3}.Debug|Any CPU.Build.0 = Debug|Any CPU
		{3B2BE9DE-624F-4950-AFF7-60D9BEAF34F3}.Release|Any CPU.ActiveCfg = Release|Any CPU
		{3B2BE9DE-624F-4950-AFF7-60D9BEAF34F3}.Release|Any CPU.Build.0 = Release|Any CPU
	EndGlobalSection
	GlobalSection(SolutionProperties) = preSolution
		HideSolutionNode = FALSE
	EndGlobalSection
	GlobalSection(ExtensibilityGlobals) = postSolution
		SolutionGuid = {56DC5874-2C2A-4AAE-AE4D-D3CB05F6AFE2}
	EndGlobalSection
EndGlobal
